// !$*UTF8*$!
{
	archiveVersion = 1;
	classes = {
	};
	objectVersion = 77;
	objects = {

/* Begin PBXBuildFile section */
		AA00001100AA00BB00CC00DD /* GoogleSignIn in Frameworks */ = {isa = PBXBuildFile; productRef = AA00001000AA00BB00CC00DD /* GoogleSignIn */; };
		C634767D2F7DE63B00890BC1 /* VitalSenseWatch Watch App.app in Embed Watch Content */ = {isa = PBXBuildFile; fileRef = C634767C2F7DE63B00890BC1 /* VitalSenseWatch Watch App.app */; settings = {ATTRIBUTES = (RemoveHeadersOnCopy, ); }; };
		C63476AE2F7DE7C700890BC1 /* FirebaseDatabase in Frameworks */ = {isa = PBXBuildFile; productRef = C63476AD2F7DE7C700890BC1 /* FirebaseDatabase */; };
		C63476B02F7DE7D900890BC1 /* FirebaseAuth in Frameworks */ = {isa = PBXBuildFile; productRef = C63476AF2F7DE7D900890BC1 /* FirebaseAuth */; };
		D050919D2F6C625C00B5DB2F /* FirebaseAuth in Frameworks */ = {isa = PBXBuildFile; productRef = D050919C2F6C625C00B5DB2F /* FirebaseAuth */; };
		D050919F2F6C626000B5DB2F /* FirebaseDatabase in Frameworks */ = {isa = PBXBuildFile; productRef = D050919E2F6C626000B5DB2F /* FirebaseDatabase */; };
		D05091A12F6C626A00B5DB2F /* FirebaseCore in Frameworks */ = {isa = PBXBuildFile; productRef = D05091A02F6C626A00B5DB2F /* FirebaseCore */; };
/* End PBXBuildFile section */

/* Begin PBXContainerItemProxy section */
		C634767E2F7DE63B00890BC1 /* PBXContainerItemProxy */ = {
			isa = PBXContainerItemProxy;
			containerPortal = D05091302F6C5AC200B5DB2F /* Project object */;
			proxyType = 1;
			remoteGlobalIDString = C634767B2F7DE63B00890BC1;
			remoteInfo = "VitalSenseWatch Watch App";
		};
		C634768F2F7DE63D00890BC1 /* PBXContainerItemProxy */ = {
			isa = PBXContainerItemProxy;
			containerPortal = D05091302F6C5AC200B5DB2F /* Project object */;
			proxyType = 1;
			remoteGlobalIDString = C634767B2F7DE63B00890BC1;
			remoteInfo = "VitalSenseWatch Watch App";
		};
		C63476992F7DE63D00890BC1 /* PBXContainerItemProxy */ = {
			isa = PBXContainerItemProxy;
			containerPortal = D05091302F6C5AC200B5DB2F /* Project object */;
			proxyType = 1;
			remoteGlobalIDString = C634767B2F7DE63B00890BC1;
			remoteInfo = "VitalSenseWatch Watch App";
		};
/* End PBXContainerItemProxy section */

/* Begin PBXCopyFilesBuildPhase section */
		C63476A32F7DE63D00890BC1 /* Embed Watch Content */ = {
			isa = PBXCopyFilesBuildPhase;
			buildActionMask = 2147483647;
			dstPath = "$(CONTENTS_FOLDER_PATH)/Watch";
			dstSubfolderSpec = 16;
			files = (
				C634767D2F7DE63B00890BC1 /* VitalSenseWatch Watch App.app in Embed Watch Content */,
			);
			name = "Embed Watch Content";
			runOnlyForDeploymentPostprocessing = 0;
		};
/* End PBXCopyFilesBuildPhase section */

/* Begin PBXFileReference section */
		C63476772F7DE63B00890BC1 /* VitalSenseWatch.app */ = {isa = PBXFileReference; explicitFileType = wrapper.application; includeInIndex = 0; path = VitalSenseWatch.app; sourceTree = BUILT_PRODUCTS_DIR; };
		C634767C2F7DE63B00890BC1 /* VitalSenseWatch Watch App.app */ = {isa = PBXFileReference; explicitFileType = wrapper.application; includeInIndex = 0; path = "VitalSenseWatch Watch App.app"; sourceTree = BUILT_PRODUCTS_DIR; };
		C634768E2F7DE63D00890BC1 /* VitalSenseWatch Watch AppTests.xctest */ = {isa = PBXFileReference; explicitFileType = wrapper.cfbundle; includeInIndex = 0; path = "VitalSenseWatch Watch AppTests.xctest"; sourceTree = BUILT_PRODUCTS_DIR; };
		C63476982F7DE63D00890BC1 /* VitalSenseWatch Watch AppUITests.xctest */ = {isa = PBXFileReference; explicitFileType = wrapper.cfbundle; includeInIndex = 0; path = "VitalSenseWatch Watch AppUITests.xctest"; sourceTree = BUILT_PRODUCTS_DIR; };
		D05091382F6C5AC200B5DB2F /* iosApp.app */ = {isa = PBXFileReference; explicitFileType = wrapper.application; includeInIndex = 0; path = iosApp.app; sourceTree = BUILT_PRODUCTS_DIR; };
/* End PBXFileReference section */

/* Begin PBXFileSystemSynchronizedBuildFileExceptionSet section */
		D050919A2F6C624000B5DB2F /* Exceptions for "iosApp" folder in "iosApp" target */ = {
			isa = PBXFileSystemSynchronizedBuildFileExceptionSet;
			membershipExceptions = (
				Info.plist,
			);
			target = D05091372F6C5AC200B5DB2F /* iosApp */;
		};
/* End PBXFileSystemSynchronizedBuildFileExceptionSet section */

/* Begin PBXFileSystemSynchronizedRootGroup section */
		C63476802F7DE63B00890BC1 /* VitalSenseWatch Watch App */ = {
			isa = PBXFileSystemSynchronizedRootGroup;
			path = "VitalSenseWatch Watch App";
			sourceTree = "<group>";
		};
		C63476912F7DE63D00890BC1 /* VitalSenseWatch Watch AppTests */ = {
			isa = PBXFileSystemSynchronizedRootGroup;
			path = "VitalSenseWatch Watch AppTests";
			sourceTree = "<group>";
		};
		C634769B2F7DE63D00890BC1 /* VitalSenseWatch Watch AppUITests */ = {
			isa = PBXFileSystemSynchronizedRootGroup;
			path = "VitalSenseWatch Watch AppUITests";
			sourceTree = "<group>";
		};
		D050913A2F6C5AC200B5DB2F /* iosApp */ = {
			isa = PBXFileSystemSynchronizedRootGroup;
			exceptions = (
				D050919A2F6C624000B5DB2F /* Exceptions for "iosApp" folder in "iosApp" target */,
			);
			path = iosApp;
			sourceTree = "<group>";
		};
/* End PBXFileSystemSynchronizedRootGroup section */

/* Begin PBXFrameworksBuildPhase section */
		C63476792F7DE63B00890BC1 /* Frameworks */ = {
			isa = PBXFrameworksBuildPhase;
			buildActionMask = 2147483647;
			files = (
				C63476AE2F7DE7C700890BC1 /* FirebaseDatabase in Frameworks */,
				C63476B02F7DE7D900890BC1 /* FirebaseAuth in Frameworks */,
			);
			runOnlyForDeploymentPostprocessing = 0;
		};
		C634768B2F7DE63D00890BC1 /* Frameworks */ = {
			isa = PBXFrameworksBuildPhase;
			buildActionMask = 2147483647;
			files = (
			);
			runOnlyForDeploymentPostprocessing = 0;
		};
		C63476952F7DE63D00890BC1 /* Frameworks */ = {
			isa = PBXFrameworksBuildPhase;
			buildActionMask = 2147483647;
			files = (
			);
			runOnlyForDeploymentPostprocessing = 0;
		};
		D05091352F6C5AC200B5DB2F /* Frameworks */ = {
			isa = PBXFrameworksBuildPhase;
			buildActionMask = 2147483647;
			files = (
				D050919F2F6C626000B5DB2F /* FirebaseDatabase in Frameworks */,
				D05091A12F6C626A00B5DB2F /* FirebaseCore in Frameworks */,
				D050919D2F6C625C00B5DB2F /* FirebaseAuth in Frameworks */,
				AA00001100AA00BB00CC00DD /* GoogleSignIn in Frameworks */,
			);
			runOnlyForDeploymentPostprocessing = 0;
		};
/* End PBXFrameworksBuildPhase section */

/* Begin PBXGroup section */
		D050912F2F6C5AC200B5DB2F = {
			isa = PBXGroup;
			children = (
				D050913A2F6C5AC200B5DB2F /* iosApp */,
				C63476802F7DE63B00890BC1 /* VitalSenseWatch Watch App */,
				C63476912F7DE63D00890BC1 /* VitalSenseWatch Watch AppTests */,
				C634769B2F7DE63D00890BC1 /* VitalSenseWatch Watch AppUITests */,
				D050919B2F6C625C00B5DB2F /* Frameworks */,
				D05091392F6C5AC200B5DB2F /* Products */,
			);
			sourceTree = "<group>";
		};
		D05091392F6C5AC200B5DB2F /* Products */ = {
			isa = PBXGroup;
			children = (
				D05091382F6C5AC200B5DB2F /* iosApp.app */,
				C63476772F7DE63B00890BC1 /* VitalSenseWatch.app */,
				C634767C2F7DE63B00890BC1 /* VitalSenseWatch Watch App.app */,
				C634768E2F7DE63D00890BC1 /* VitalSenseWatch Watch AppTests.xctest */,
				C63476982F7DE63D00890BC1 /* VitalSenseWatch Watch AppUITests.xctest */,
			);
			name = Products;
			sourceTree = "<group>";
		};
		D050919B2F6C625C00B5DB2F /* Frameworks */ = {
			isa = PBXGroup;
			children = (
			);
			name = Frameworks;
			sourceTree = "<group>";
		};
/* End PBXGroup section */

/* Begin PBXNativeTarget section */
		C63476762F7DE63B00890BC1 /* VitalSenseWatch */ = {
			isa = PBXNativeTarget;
			buildConfigurationList = C63476A42F7DE63D00890BC1 /* Build configuration list for PBXNativeTarget "VitalSenseWatch" */;
			buildPhases = (
				C63476752F7DE63B00890BC1 /* Resources */,
				C63476A32F7DE63D00890BC1 /* Embed Watch Content */,
			);
			buildRules = (
			);
			dependencies = (
				C634767F2F7DE63B00890BC1 /* PBXTargetDependency */,
			);
			name = VitalSenseWatch;
			packageProductDependencies = (
			);
			productName = VitalSenseWatch;
			productReference = C63476772F7DE63B00890BC1 /* VitalSenseWatch.app */;
			productType = "com.apple.product-type.application.watchapp2-container";
		};
		C634767B2F7DE63B00890BC1 /* VitalSenseWatch Watch App */ = {
			isa = PBXNativeTarget;
			buildConfigurationList = C63476A02F7DE63D00890BC1 /* Build configuration list for PBXNativeTarget "VitalSenseWatch Watch App" */;
			buildPhases = (
				C63476782F7DE63B00890BC1 /* Sources */,
				C63476792F7DE63B00890BC1 /* Frameworks */,
				C634767A2F7DE63B00890BC1 /* Resources */,
			);
			buildRules = (
			);
			dependencies = (
			);
			fileSystemSynchronizedGroups = (
				C63476802F7DE63B00890BC1 /* VitalSenseWatch Watch App */,
			);
			name = "VitalSenseWatch Watch App";
			packageProductDependencies = (
				C63476AD2F7DE7C700890BC1 /* FirebaseDatabase */,
				C63476AF2F7DE7D900890BC1 /* FirebaseAuth */,
			);
			productName = "VitalSenseWatch Watch App";
			productReference = C634767C2F7DE63B00890BC1 /* VitalSenseWatch Watch App.app */;
			productType = "com.apple.product-type.application";
		};
		C634768D2F7DE63D00890BC1 /* VitalSenseWatch Watch AppTests */ = {
			isa = PBXNativeTarget;
			buildConfigurationList = C63476A72F7DE63D00890BC1 /* Build configuration list for PBXNativeTarget "VitalSenseWatch Watch AppTests" */;
			buildPhases = (
				C634768A2F7DE63D00890BC1 /* Sources */,
				C634768B2F7DE63D00890BC1 /* Frameworks */,
				C634768C2F7DE63D00890BC1 /* Resources */,
			);
			buildRules = (
			);
			dependencies = (
				C63476902F7DE63D00890BC1 /* PBXTargetDependency */,
			);
			fileSystemSynchronizedGroups = (
				C63476912F7DE63D00890BC1 /* VitalSenseWatch Watch AppTests */,
			);
			name = "VitalSenseWatch Watch AppTests";
			packageProductDependencies = (
			);
			productName = "VitalSenseWatch Watch AppTests";
			productReference = C634768E2F7DE63D00890BC1 /* VitalSenseWatch Watch AppTests.xctest */;
			productType = "com.apple.product-type.bundle.unit-test";
		};
		C63476972F7DE63D00890BC1 /* VitalSenseWatch Watch AppUITests */ = {
			isa = PBXNativeTarget;
			buildConfigurationList = C63476AA2F7DE63D00890BC1 /* Build configuration list for PBXNativeTarget "VitalSenseWatch Watch AppUITests" */;
			buildPhases = (
				C63476942F7DE63D00890BC1 /* Sources */,
				C63476952F7DE63D00890BC1 /* Frameworks */,
				C63476962F7DE63D00890BC1 /* Resources */,
			);
			buildRules = (
			);
			dependencies = (
				C634769A2F7DE63D00890BC1 /* PBXTargetDependency */,
			);
			fileSystemSynchronizedGroups = (
				C634769B2F7DE63D00890BC1 /* VitalSenseWatch Watch AppUITests */,
			);
			name = "VitalSenseWatch Watch AppUITests";
			packageProductDependencies = (
			);
			productName = "VitalSenseWatch Watch AppUITests";
			productReference = C63476982F7DE63D00890BC1 /* VitalSenseWatch Watch AppUITests.xctest */;
			productType = "com.apple.product-type.bundle.ui-testing";
		};
		D05091372F6C5AC200B5DB2F /* iosApp */ = {
			isa = PBXNativeTarget;
			buildConfigurationList = D05091432F6C5ACC00B5DB2F /* Build configuration list for PBXNativeTarget "iosApp" */;
			buildPhases = (
				D05091342F6C5AC200B5DB2F /* Sources */,
				D05091352F6C5AC200B5DB2F /* Frameworks */,
				D05091362F6C5AC200B5DB2F /* Resources */,
			);
			buildRules = (
			);
			dependencies = (
			);
			fileSystemSynchronizedGroups = (
				D050913A2F6C5AC200B5DB2F /* iosApp */,
			);
			name = iosApp;
			packageProductDependencies = (
				D050919C2F6C625C00B5DB2F /* FirebaseAuth */,
				D050919E2F6C626000B5DB2F /* FirebaseDatabase */,
				D05091A02F6C626A00B5DB2F /* FirebaseCore */,
				AA00001000AA00BB00CC00DD /* GoogleSignIn */,
			);
			productName = iosApp;
			productReference = D05091382F6C5AC200B5DB2F /* iosApp.app */;
			productType = "com.apple.product-type.application";
		};
/* End PBXNativeTarget section */

/* Begin PBXProject section */
		D05091302F6C5AC200B5DB2F /* Project object */ = {
			isa = PBXProject;
			attributes = {
				BuildIndependentTargetsInParallel = 1;
				LastSwiftUpdateCheck = 1620;
				LastUpgradeCheck = 2630;
				TargetAttributes = {
					C63476762F7DE63B00890BC1 = {
						CreatedOnToolsVersion = 16.2;
					};
					C634767B2F7DE63B00890BC1 = {
						CreatedOnToolsVersion = 16.2;
					};
					C634768D2F7DE63D00890BC1 = {
						CreatedOnToolsVersion = 16.2;
						TestTargetID = C634767B2F7DE63B00890BC1;
					};
					C63476972F7DE63D00890BC1 = {
						CreatedOnToolsVersion = 16.2;
						TestTargetID = C634767B2F7DE63B00890BC1;
					};
					D05091372F6C5AC200B5DB2F = {
						CreatedOnToolsVersion = 26.3;
					};
				};
			};
			buildConfigurationList = D05091332F6C5AC200B5DB2F /* Build configuration list for PBXProject "iosApp" */;
			developmentRegion = en;
			hasScannedForEncodings = 0;
			knownRegions = (
				en,
				Base,
			);
			mainGroup = D050912F2F6C5AC200B5DB2F;
			minimizedProjectReferenceProxies = 1;
			packageReferences = (
				D05091942F6C5EA300B5DB2F /* XCRemoteSwiftPackageReference "firebase-ios-sdk" */,
				AA00000F00AA00BB00CC00DD /* XCRemoteSwiftPackageReference "GoogleSignIn-iOS" */,
			);
			preferredProjectObjectVersion = 77;
			productRefGroup = D05091392F6C5AC200B5DB2F /* Products */;
			projectDirPath = "";
			projectRoot = "";
			targets = (
				D05091372F6C5AC200B5DB2F /* iosApp */,
				C63476762F7DE63B00890BC1 /* VitalSenseWatch */,
				C634767B2F7DE63B00890BC1 /* VitalSenseWatch Watch App */,
				C634768D2F7DE63D00890BC1 /* VitalSenseWatch Watch AppTests */,
				C63476972F7DE63D00890BC1 /* VitalSenseWatch Watch AppUITests */,
			);
		};
/* End PBXProject section */

/* Begin PBXResourcesBuildPhase section */
		C63476752F7DE63B00890BC1 /* Resources */ = {
			isa = PBXResourcesBuildPhase;
			buildActionMask = 2147483647;
			files = (
			);
			runOnlyForDeploymentPostprocessing = 0;
		};
		C634767A2F7DE63B00890BC1 /* Resources */ = {
			isa = PBXResourcesBuildPhase;
			buildActionMask = 2147483647;
			files = (
			);
			runOnlyForDeploymentPostprocessing = 0;
		};
		C634768C2F7DE63D00890BC1 /* Resources */ = {
			isa = PBXResourcesBuildPhase;
			buildActionMask = 2147483647;
			files = (
			);
			runOnlyForDeploymentPostprocessing = 0;
		};
		C63476962F7DE63D00890BC1 /* Resources */ = {
			isa = PBXResourcesBuildPhase;
			buildActionMask = 2147483647;
			files = (
			);
			runOnlyForDeploymentPostprocessing = 0;
		};
		D05091362F6C5AC200B5DB2F /* Resources */ = {
			isa = PBXResourcesBuildPhase;
			buildActionMask = 2147483647;
			files = (
			);
			runOnlyForDeploymentPostprocessing = 0;
		};
/* End PBXResourcesBuildPhase section */

/* Begin PBXSourcesBuildPhase section */
		C63476782F7DE63B00890BC1 /* Sources */ = {
			isa = PBXSourcesBuildPhase;
			buildActionMask = 2147483647;
			files = (
			);
			runOnlyForDeploymentPostprocessing = 0;
		};
		C634768A2F7DE63D00890BC1 /* Sources */ = {
			isa = PBXSourcesBuildPhase;
			buildActionMask = 2147483647;
			files = (
			);
			runOnlyForDeploymentPostprocessing = 0;
		};
		C63476942F7DE63D00890BC1 /* Sources */ = {
			isa = PBXSourcesBuildPhase;
			buildActionMask = 2147483647;
			files = (
			);
			runOnlyForDeploymentPostprocessing = 0;
		};
		D05091342F6C5AC200B5DB2F /* Sources */ = {
			isa = PBXSourcesBuildPhase;
			buildActionMask = 2147483647;
			files = (
			);
			runOnlyForDeploymentPostprocessing = 0;
		};
/* End PBXSourcesBuildPhase section */

/* Begin PBXTargetDependency section */
		C634767F2F7DE63B00890BC1 /* PBXTargetDependency */ = {
			isa = PBXTargetDependency;
			target = C634767B2F7DE63B00890BC1 /* VitalSenseWatch Watch App */;
			targetProxy = C634767E2F7DE63B00890BC1 /* PBXContainerItemProxy */;
		};
		C63476902F7DE63D00890BC1 /* PBXTargetDependency */ = {
			isa = PBXTargetDependency;
			target = C634767B2F7DE63B00890BC1 /* VitalSenseWatch Watch App */;
			targetProxy = C634768F2F7DE63D00890BC1 /* PBXContainerItemProxy */;
		};
		C634769A2F7DE63D00890BC1 /* PBXTargetDependency */ = {
			isa = PBXTargetDependency;
			target = C634767B2F7DE63B00890BC1 /* VitalSenseWatch Watch App */;
			targetProxy = C63476992F7DE63D00890BC1 /* PBXContainerItemProxy */;
		};
/* End PBXTargetDependency section */

/* Begin XCBuildConfiguration section */
		C63476A12F7DE63D00890BC1 /* Debug */ = {
			isa = XCBuildConfiguration;
			buildSettings = {
				ASSETCATALOG_COMPILER_APPICON_NAME = AppIcon;
				ASSETCATALOG_COMPILER_GLOBAL_ACCENT_COLOR_NAME = AccentColor;
				CODE_SIGN_ENTITLEMENTS = "VitalSenseWatch Watch App/VitalSenseWatch Watch App.entitlements";
				CODE_SIGN_STYLE = Automatic;
				CURRENT_PROJECT_VERSION = 1;
				DEVELOPMENT_ASSET_PATHS = "\"VitalSenseWatch Watch App/Preview Content\"";
				DEVELOPMENT_TEAM = 5U9RWVTFAL;
				ENABLE_PREVIEWS = YES;
				GENERATE_INFOPLIST_FILE = YES;
				INFOPLIST_KEY_CFBundleDisplayName = VitalSenseWatch;
				INFOPLIST_KEY_UISupportedInterfaceOrientations = "UIInterfaceOrientationPortrait UIInterfaceOrientationPortraitUpsideDown";
				INFOPLIST_KEY_WKWatchOnly = YES;
				LD_RUNPATH_SEARCH_PATHS = (
					"$(inherited)",
					"@executable_path/Frameworks",
				);
				MARKETING_VERSION = 1.0;
				PRODUCT_BUNDLE_IDENTIFIER = mx.ita.VitalSenseWatch.watchkitapp;
				PRODUCT_NAME = "$(TARGET_NAME)";
				SDKROOT = watchos;
				SKIP_INSTALL = YES;
				SWIFT_EMIT_LOC_STRINGS = YES;
				SWIFT_VERSION = 5.0;
				TARGETED_DEVICE_FAMILY = 4;
				WATCHOS_DEPLOYMENT_TARGET = 11.2;
			};
			name = Debug;
		};
		C63476A22F7DE63D00890BC1 /* Release */ = {
			isa = XCBuildConfiguration;
			buildSettings = {
				ASSETCATALOG_COMPILER_APPICON_NAME = AppIcon;
				ASSETCATALOG_COMPILER_GLOBAL_ACCENT_COLOR_NAME = AccentColor;
				CODE_SIGN_ENTITLEMENTS = "VitalSenseWatch Watch App/VitalSenseWatch Watch App.entitlements";
				CODE_SIGN_STYLE = Automatic;
				CURRENT_PROJECT_VERSION = 1;
				DEVELOPMENT_ASSET_PATHS = "\"VitalSenseWatch Watch App/Preview Content\"";
				DEVELOPMENT_TEAM = 5U9RWVTFAL;
				ENABLE_PREVIEWS = YES;
				GENERATE_INFOPLIST_FILE = YES;
				INFOPLIST_KEY_CFBundleDisplayName = VitalSenseWatch;
				INFOPLIST_KEY_UISupportedInterfaceOrientations = "UIInterfaceOrientationPortrait UIInterfaceOrientationPortraitUpsideDown";
				INFOPLIST_KEY_WKWatchOnly = YES;
				LD_RUNPATH_SEARCH_PATHS = (
					"$(inherited)",
					"@executable_path/Frameworks",
				);
				MARKETING_VERSION = 1.0;
				PRODUCT_BUNDLE_IDENTIFIER = mx.ita.VitalSenseWatch.watchkitapp;
				PRODUCT_NAME = "$(TARGET_NAME)";
				SDKROOT = watchos;
				SKIP_INSTALL = YES;
				SWIFT_EMIT_LOC_STRINGS = YES;
				SWIFT_VERSION = 5.0;
				TARGETED_DEVICE_FAMILY = 4;
				WATCHOS_DEPLOYMENT_TARGET = 11.2;
			};
			name = Release;
		};
		C63476A52F7DE63D00890BC1 /* Debug */ = {
			isa = XCBuildConfiguration;
			buildSettings = {
				CODE_SIGN_STYLE = Automatic;
				CURRENT_PROJECT_VERSION = 1;
				DEVELOPMENT_TEAM = 5U9RWVTFAL;
				INFOPLIST_KEY_CFBundleDisplayName = VitalSenseWatch;
				MARKETING_VERSION = 1.0;
				PRODUCT_BUNDLE_IDENTIFIER = mx.ita.VitalSenseWatch;
				PRODUCT_NAME = "$(TARGET_NAME)";
				SWIFT_VERSION = 5.0;
			};
			name = Debug;
		};
		C63476A62F7DE63D00890BC1 /* Release */ = {
			isa = XCBuildConfiguration;
			buildSettings = {
				CODE_SIGN_STYLE = Automatic;
				CURRENT_PROJECT_VERSION = 1;
				DEVELOPMENT_TEAM = 5U9RWVTFAL;
				INFOPLIST_KEY_CFBundleDisplayName = VitalSenseWatch;
				MARKETING_VERSION = 1.0;
				PRODUCT_BUNDLE_IDENTIFIER = mx.ita.VitalSenseWatch;
				PRODUCT_NAME = "$(TARGET_NAME)";
				SWIFT_VERSION = 5.0;
			};
			name = Release;
		};
		C63476A82F7DE63D00890BC1 /* Debug */ = {
			isa = XCBuildConfiguration;
			buildSettings = {
				BUNDLE_LOADER = "$(TEST_HOST)";
				CODE_SIGN_STYLE = Automatic;
				CURRENT_PROJECT_VERSION = 1;
				DEVELOPMENT_TEAM = 5U9RWVTFAL;
				GENERATE_INFOPLIST_FILE = YES;
				MARKETING_VERSION = 1.0;
				PRODUCT_BUNDLE_IDENTIFIER = "mx.ita.VitalSenseWatch-Watch-AppTests";
				PRODUCT_NAME = "$(TARGET_NAME)";
				SDKROOT = watchos;
				SWIFT_EMIT_LOC_STRINGS = NO;
				SWIFT_VERSION = 5.0;
				TARGETED_DEVICE_FAMILY = 4;
				TEST_HOST = "$(BUILT_PRODUCTS_DIR)/VitalSenseWatch Watch App.app/$(BUNDLE_EXECUTABLE_FOLDER_PATH)/VitalSenseWatch Watch App";
				WATCHOS_DEPLOYMENT_TARGET = 11.2;
			};
			name = Debug;
		};
		C63476A92F7DE63D00890BC1 /* Release */ = {
			isa = XCBuildConfiguration;
			buildSettings = {
				BUNDLE_LOADER = "$(TEST_HOST)";
				CODE_SIGN_STYLE = Automatic;
				CURRENT_PROJECT_VERSION = 1;
				DEVELOPMENT_TEAM = 5U9RWVTFAL;
				GENERATE_INFOPLIST_FILE = YES;
				MARKETING_VERSION = 1.0;
				PRODUCT_BUNDLE_IDENTIFIER = "mx.ita.VitalSenseWatch-Watch-AppTests";
				PRODUCT_NAME = "$(TARGET_NAME)";
				SDKROOT = watchos;
				SWIFT_EMIT_LOC_STRINGS = NO;
				SWIFT_VERSION = 5.0;
				TARGETED_DEVICE_FAMILY = 4;
				TEST_HOST = "$(BUILT_PRODUCTS_DIR)/VitalSenseWatch Watch App.app/$(BUNDLE_EXECUTABLE_FOLDER_PATH)/VitalSenseWatch Watch App";
				WATCHOS_DEPLOYMENT_TARGET = 11.2;
			};
			name = Release;
		};
		C63476AB2F7DE63D00890BC1 /* Debug */ = {
			isa = XCBuildConfiguration;
			buildSettings = {
				CODE_SIGN_STYLE = Automatic;
				CURRENT_PROJECT_VERSION = 1;
				DEVELOPMENT_TEAM = 5U9RWVTFAL;
				GENERATE_INFOPLIST_FILE = YES;
				MARKETING_VERSION = 1.0;
				PRODUCT_BUNDLE_IDENTIFIER = "mx.ita.VitalSenseWatch-Watch-AppUITests";
				PRODUCT_NAME = "$(TARGET_NAME)";
				SDKROOT = watchos;
				SWIFT_EMIT_LOC_STRINGS = NO;
				SWIFT_VERSION = 5.0;
				TARGETED_DEVICE_FAMILY = 4;
				TEST_TARGET_NAME = "VitalSenseWatch Watch App";
				WATCHOS_DEPLOYMENT_TARGET = 11.2;
			};
			name = Debug;
		};
		C63476AC2F7DE63D00890BC1 /* Release */ = {
			isa = XCBuildConfiguration;
			buildSettings = {
				CODE_SIGN_STYLE = Automatic;
				CURRENT_PROJECT_VERSION = 1;
				DEVELOPMENT_TEAM = 5U9RWVTFAL;
				GENERATE_INFOPLIST_FILE = YES;
				MARKETING_VERSION = 1.0;
				PRODUCT_BUNDLE_IDENTIFIER = "mx.ita.VitalSenseWatch-Watch-AppUITests";
				PRODUCT_NAME = "$(TARGET_NAME)";
				SDKROOT = watchos;
				SWIFT_EMIT_LOC_STRINGS = NO;
				SWIFT_VERSION = 5.0;
				TARGETED_DEVICE_FAMILY = 4;
				TEST_TARGET_NAME = "VitalSenseWatch Watch App";
				WATCHOS_DEPLOYMENT_TARGET = 11.2;
			};
			name = Release;
		};
		D05091412F6C5ACC00B5DB2F /* Debug */ = {
			isa = XCBuildConfiguration;
			buildSettings = {
				ALWAYS_SEARCH_USER_PATHS = NO;
				ASSETCATALOG_COMPILER_GENERATE_SWIFT_ASSET_SYMBOL_EXTENSIONS = YES;
				CLANG_ANALYZER_NONNULL = YES;
				CLANG_ANALYZER_NUMBER_OBJECT_CONVERSION = YES_AGGRESSIVE;
				CLANG_CXX_LANGUAGE_STANDARD = "gnu++20";
				CLANG_ENABLE_MODULES = YES;
				CLANG_ENABLE_OBJC_ARC = YES;
				CLANG_ENABLE_OBJC_WEAK = YES;
				CLANG_WARN_BLOCK_CAPTURE_AUTORELEASING = YES;
				CLANG_WARN_BOOL_CONVERSION = YES;
				CLANG_WARN_COMMA = YES;
				CLANG_WARN_CONSTANT_CONVERSION = YES;
				CLANG_WARN_DEPRECATED_OBJC_IMPLEMENTATIONS = YES;
				CLANG_WARN_DIRECT_OBJC_ISA_USAGE = YES_ERROR;
				CLANG_WARN_DOCUMENTATION_COMMENTS = YES;
				CLANG_WARN_EMPTY_BODY = YES;
				CLANG_WARN_ENUM_CONVERSION = YES;
				CLANG_WARN_INFINITE_RECURSION = YES;
				CLANG_WARN_INT_CONVERSION = YES;
				CLANG_WARN_NON_LITERAL_NULL_CONVERSION = YES;
				CLANG_WARN_OBJC_IMPLICIT_RETAIN_SELF = YES;
				CLANG_WARN_OBJC_LITERAL_CONVERSION = YES;
				CLANG_WARN_OBJC_ROOT_CLASS = YES_ERROR;
				CLANG_WARN_QUOTED_INCLUDE_IN_FRAMEWORK_HEADER = YES;
				CLANG_WARN_RANGE_LOOP_ANALYSIS = YES;
				CLANG_WARN_STRICT_PROTOTYPES = YES;
				CLANG_WARN_SUSPICIOUS_MOVE = YES;
				CLANG_WARN_UNGUARDED_AVAILABILITY = YES_AGGRESSIVE;
				CLANG_WARN_UNREACHABLE_CODE = YES;
				CLANG_WARN__DUPLICATE_METHOD_MATCH = YES;
				COPY_PHASE_STRIP = NO;
				DEBUG_INFORMATION_FORMAT = dwarf;
				DEVELOPMENT_TEAM = 74SD88NBH3;
				ENABLE_STRICT_OBJC_MSGSEND = YES;
				ENABLE_TESTABILITY = YES;
				ENABLE_USER_SCRIPT_SANDBOXING = YES;
				GCC_C_LANGUAGE_STANDARD = gnu17;
				GCC_DYNAMIC_NO_PIC = NO;
				GCC_NO_COMMON_BLOCKS = YES;
				GCC_OPTIMIZATION_LEVEL = 0;
				GCC_PREPROCESSOR_DEFINITIONS = (
					"DEBUG=1",
					"$(inherited)",
				);
				GCC_WARN_64_TO_32_BIT_CONVERSION = YES;
				GCC_WARN_ABOUT_RETURN_TYPE = YES_ERROR;
				GCC_WARN_UNDECLARED_SELECTOR = YES;
				GCC_WARN_UNINITIALIZED_AUTOS = YES_AGGRESSIVE;
				GCC_WARN_UNUSED_FUNCTION = YES;
				GCC_WARN_UNUSED_VARIABLE = YES;
				IPHONEOS_DEPLOYMENT_TARGET = 26.2;
				LOCALIZATION_PREFERS_STRING_CATALOGS = YES;
				MTL_ENABLE_DEBUG_INFO = INCLUDE_SOURCE;
				MTL_FAST_MATH = YES;
				ONLY_ACTIVE_ARCH = YES;
				SDKROOT = iphoneos;
				SWIFT_ACTIVE_COMPILATION_CONDITIONS = "DEBUG $(inherited)";
				SWIFT_OPTIMIZATION_LEVEL = "-Onone";
			};
			name = Debug;
		};
		D05091422F6C5ACC00B5DB2F /* Release */ = {
			isa = XCBuildConfiguration;
			buildSettings = {
				ALWAYS_SEARCH_USER_PATHS = NO;
				ASSETCATALOG_COMPILER_GENERATE_SWIFT_ASSET_SYMBOL_EXTENSIONS = YES;
				CLANG_ANALYZER_NONNULL = YES;
				CLANG_ANALYZER_NUMBER_OBJECT_CONVERSION = YES_AGGRESSIVE;
				CLANG_CXX_LANGUAGE_STANDARD = "gnu++20";
				CLANG_ENABLE_MODULES = YES;
				CLANG_ENABLE_OBJC_ARC = YES;
				CLANG_ENABLE_OBJC_WEAK = YES;
				CLANG_WARN_BLOCK_CAPTURE_AUTORELEASING = YES;
				CLANG_WARN_BOOL_CONVERSION = YES;
				CLANG_WARN_COMMA = YES;
				CLANG_WARN_CONSTANT_CONVERSION = YES;
				CLANG_WARN_DEPRECATED_OBJC_IMPLEMENTATIONS = YES;
				CLANG_WARN_DIRECT_OBJC_ISA_USAGE = YES_ERROR;
				CLANG_WARN_DOCUMENTATION_COMMENTS = YES;
				CLANG_WARN_EMPTY_BODY = YES;
				CLANG_WARN_ENUM_CONVERSION = YES;
				CLANG_WARN_INFINITE_RECURSION = YES;
				CLANG_WARN_INT_CONVERSION = YES;
				CLANG_WARN_NON_LITERAL_NULL_CONVERSION = YES;
				CLANG_WARN_OBJC_IMPLICIT_RETAIN_SELF = YES;
				CLANG_WARN_OBJC_LITERAL_CONVERSION = YES;
				CLANG_WARN_OBJC_ROOT_CLASS = YES_ERROR;
				CLANG_WARN_QUOTED_INCLUDE_IN_FRAMEWORK_HEADER = YES;
				CLANG_WARN_RANGE_LOOP_ANALYSIS = YES;
				CLANG_WARN_STRICT_PROTOTYPES = YES;
				CLANG_WARN_SUSPICIOUS_MOVE = YES;
				CLANG_WARN_UNGUARDED_AVAILABILITY = YES_AGGRESSIVE;
				CLANG_WARN_UNREACHABLE_CODE = YES;
				CLANG_WARN__DUPLICATE_METHOD_MATCH = YES;
				COPY_PHASE_STRIP = NO;
				DEBUG_INFORMATION_FORMAT = "dwarf-with-dsym";
				DEVELOPMENT_TEAM = 74SD88NBH3;
				ENABLE_NS_ASSERTIONS = NO;
				ENABLE_STRICT_OBJC_MSGSEND = YES;
				ENABLE_USER_SCRIPT_SANDBOXING = YES;
				GCC_C_LANGUAGE_STANDARD = gnu17;
				GCC_NO_COMMON_BLOCKS = YES;
				GCC_WARN_64_TO_32_BIT_CONVERSION = YES;
				GCC_WARN_ABOUT_RETURN_TYPE = YES_ERROR;
				GCC_WARN_UNDECLARED_SELECTOR = YES;
				GCC_WARN_UNINITIALIZED_AUTOS = YES_AGGRESSIVE;
				GCC_WARN_UNUSED_FUNCTION = YES;
				GCC_WARN_UNUSED_VARIABLE = YES;
				IPHONEOS_DEPLOYMENT_TARGET = 26.2;
				LOCALIZATION_PREFERS_STRING_CATALOGS = YES;
				MTL_ENABLE_DEBUG_INFO = NO;
				MTL_FAST_MATH = YES;
				SDKROOT = iphoneos;
				SWIFT_COMPILATION_MODE = wholemodule;
				VALIDATE_PRODUCT = YES;
			};
			name = Release;
		};
		D05091442F6C5ACC00B5DB2F /* Debug */ = {
			isa = XCBuildConfiguration;
			buildSettings = {
				ASSETCATALOG_COMPILER_APPICON_NAME = AppIcon;
				ASSETCATALOG_COMPILER_GLOBAL_ACCENT_COLOR_NAME = AccentColor;
				CODE_SIGN_STYLE = Automatic;
				CURRENT_PROJECT_VERSION = 1;
				DEVELOPMENT_TEAM = 5U9RWVTFAL;
				ENABLE_PREVIEWS = YES;
				GENERATE_INFOPLIST_FILE = YES;
				INFOPLIST_FILE = iosApp/Info.plist;
				INFOPLIST_KEY_UIApplicationSceneManifest_Generation = YES;
				INFOPLIST_KEY_UIApplicationSupportsIndirectInputEvents = YES;
				INFOPLIST_KEY_UILaunchScreen_Generation = YES;
				INFOPLIST_KEY_UISupportedInterfaceOrientations_iPad = "UIInterfaceOrientationPortrait UIInterfaceOrientationPortraitUpsideDown UIInterfaceOrientationLandscapeLeft UIInterfaceOrientationLandscapeRight";
				INFOPLIST_KEY_UISupportedInterfaceOrientations_iPhone = "UIInterfaceOrientationPortrait UIInterfaceOrientationLandscapeLeft UIInterfaceOrientationLandscapeRight";
				IPHONEOS_DEPLOYMENT_TARGET = 16.6;
				LD_RUNPATH_SEARCH_PATHS = (
					"$(inherited)",
					"@executable_path/Frameworks",
				);
				MARKETING_VERSION = 1.0;
				PRODUCT_BUNDLE_IDENTIFIER = VitalSense.iosApp;
				PRODUCT_NAME = "$(TARGET_NAME)";
				STRING_CATALOG_GENERATE_SYMBOLS = YES;
				SWIFT_APPROACHABLE_CONCURRENCY = YES;
				SWIFT_DEFAULT_ACTOR_ISOLATION = MainActor;
				SWIFT_EMIT_LOC_STRINGS = YES;
				SWIFT_UPCOMING_FEATURE_MEMBER_IMPORT_VISIBILITY = YES;
				SWIFT_VERSION = 5.0;
				TARGETED_DEVICE_FAMILY = "1,2";
			};
			name = Debug;
		};
		D05091452F6C5ACC00B5DB2F /* Release */ = {
			isa = XCBuildConfiguration;
			buildSettings = {
				ASSETCATALOG_COMPILER_APPICON_NAME = AppIcon;
				ASSETCATALOG_COMPILER_GLOBAL_ACCENT_COLOR_NAME = AccentColor;
				CODE_SIGN_STYLE = Automatic;
				CURRENT_PROJECT_VERSION = 1;
				DEVELOPMENT_TEAM = 5U9RWVTFAL;
				ENABLE_PREVIEWS = YES;
				GENERATE_INFOPLIST_FILE = YES;
				INFOPLIST_FILE = iosApp/Info.plist;
				INFOPLIST_KEY_UIApplicationSceneManifest_Generation = YES;
				INFOPLIST_KEY_UIApplicationSupportsIndirectInputEvents = YES;
				INFOPLIST_KEY_UILaunchScreen_Generation = YES;
				INFOPLIST_KEY_UISupportedInterfaceOrientations_iPad = "UIInterfaceOrientationPortrait UIInterfaceOrientationPortraitUpsideDown UIInterfaceOrientationLandscapeLeft UIInterfaceOrientationLandscapeRight";
				INFOPLIST_KEY_UISupportedInterfaceOrientations_iPhone = "UIInterfaceOrientationPortrait UIInterfaceOrientationLandscapeLeft UIInterfaceOrientationLandscapeRight";
				IPHONEOS_DEPLOYMENT_TARGET = 16.6;
				LD_RUNPATH_SEARCH_PATHS = (
					"$(inherited)",
					"@executable_path/Frameworks",
				);
				MARKETING_VERSION = 1.0;
				PRODUCT_BUNDLE_IDENTIFIER = VitalSense.iosApp;
				PRODUCT_NAME = "$(TARGET_NAME)";
				STRING_CATALOG_GENERATE_SYMBOLS = YES;
				SWIFT_APPROACHABLE_CONCURRENCY = YES;
				SWIFT_DEFAULT_ACTOR_ISOLATION = MainActor;
				SWIFT_EMIT_LOC_STRINGS = YES;
				SWIFT_UPCOMING_FEATURE_MEMBER_IMPORT_VISIBILITY = YES;
				SWIFT_VERSION = 5.0;
				TARGETED_DEVICE_FAMILY = "1,2";
			};
			name = Release;
		};
/* End XCBuildConfiguration section */

/* Begin XCConfigurationList section */
		C63476A02F7DE63D00890BC1 /* Build configuration list for PBXNativeTarget "VitalSenseWatch Watch App" */ = {
			isa = XCConfigurationList;
			buildConfigurations = (
				C63476A12F7DE63D00890BC1 /* Debug */,
				C63476A22F7DE63D00890BC1 /* Release */,
			);
			defaultConfigurationIsVisible = 0;
			defaultConfigurationName = Release;
		};
		C63476A42F7DE63D00890BC1 /* Build configuration list for PBXNativeTarget "VitalSenseWatch" */ = {
			isa = XCConfigurationList;
			buildConfigurations = (
				C63476A52F7DE63D00890BC1 /* Debug */,
				C63476A62F7DE63D00890BC1 /* Release */,
			);
			defaultConfigurationIsVisible = 0;
			defaultConfigurationName = Release;
		};
		C63476A72F7DE63D00890BC1 /* Build configuration list for PBXNativeTarget "VitalSenseWatch Watch AppTests" */ = {
			isa = XCConfigurationList;
			buildConfigurations = (
				C63476A82F7DE63D00890BC1 /* Debug */,
				C63476A92F7DE63D00890BC1 /* Release */,
			);
			defaultConfigurationIsVisible = 0;
			defaultConfigurationName = Release;
		};
		C63476AA2F7DE63D00890BC1 /* Build configuration list for PBXNativeTarget "VitalSenseWatch Watch AppUITests" */ = {
			isa = XCConfigurationList;
			buildConfigurations = (
				C63476AB2F7DE63D00890BC1 /* Debug */,
				C63476AC2F7DE63D00890BC1 /* Release */,
			);
			defaultConfigurationIsVisible = 0;
			defaultConfigurationName = Release;
		};
		D05091332F6C5AC200B5DB2F /* Build configuration list for PBXProject "iosApp" */ = {
			isa = XCConfigurationList;
			buildConfigurations = (
				D05091412F6C5ACC00B5DB2F /* Debug */,
				D05091422F6C5ACC00B5DB2F /* Release */,
			);
			defaultConfigurationIsVisible = 0;
			defaultConfigurationName = Release;
		};
		D05091432F6C5ACC00B5DB2F /* Build configuration list for PBXNativeTarget "iosApp" */ = {
			isa = XCConfigurationList;
			buildConfigurations = (
				D05091442F6C5ACC00B5DB2F /* Debug */,
				D05091452F6C5ACC00B5DB2F /* Release */,
			);
			defaultConfigurationIsVisible = 0;
			defaultConfigurationName = Release;
		};
/* End XCConfigurationList section */

/* Begin XCRemoteSwiftPackageReference section */
		AA00000F00AA00BB00CC00DD /* XCRemoteSwiftPackageReference "GoogleSignIn-iOS" */ = {
			isa = XCRemoteSwiftPackageReference;
			repositoryURL = "https://github.com/google/GoogleSignIn-iOS";
			requirement = {
				kind = upToNextMajorVersion;
				minimumVersion = 8.0.0;
			};
		};
		D05091942F6C5EA300B5DB2F /* XCRemoteSwiftPackageReference "firebase-ios-sdk" */ = {
			isa = XCRemoteSwiftPackageReference;
			repositoryURL = "https://github.com/firebase/firebase-ios-sdk";
			requirement = {
				kind = upToNextMajorVersion;
				minimumVersion = 12.11.0;
			};
		};
/* End XCRemoteSwiftPackageReference section */

/* Begin XCSwiftPackageProductDependency section */
		AA00001000AA00BB00CC00DD /* GoogleSignIn */ = {
			isa = XCSwiftPackageProductDependency;
			package = AA00000F00AA00BB00CC00DD /* XCRemoteSwiftPackageReference "GoogleSignIn-iOS" */;
			productName = GoogleSignIn;
		};
		C63476AD2F7DE7C700890BC1 /* FirebaseDatabase */ = {
			isa = XCSwiftPackageProductDependency;
			package = D05091942F6C5EA300B5DB2F /* XCRemoteSwiftPackageReference "firebase-ios-sdk" */;
			productName = FirebaseDatabase;
		};
		C63476AF2F7DE7D900890BC1 /* FirebaseAuth */ = {
			isa = XCSwiftPackageProductDependency;
			package = D05091942F6C5EA300B5DB2F /* XCRemoteSwiftPackageReference "firebase-ios-sdk" */;
			productName = FirebaseAuth;
		};
		D050919C2F6C625C00B5DB2F /* FirebaseAuth */ = {
			isa = XCSwiftPackageProductDependency;
			package = D05091942F6C5EA300B5DB2F /* XCRemoteSwiftPackageReference "firebase-ios-sdk" */;
			productName = FirebaseAuth;
		};
		D050919E2F6C626000B5DB2F /* FirebaseDatabase */ = {
			isa = XCSwiftPackageProductDependency;
			package = D05091942F6C5EA300B5DB2F /* XCRemoteSwiftPackageReference "firebase-ios-sdk" */;
			productName = FirebaseDatabase;
		};
		D05091A02F6C626A00B5DB2F /* FirebaseCore */ = {
			isa = XCSwiftPackageProductDependency;
			package = D05091942F6C5EA300B5DB2F /* XCRemoteSwiftPackageReference "firebase-ios-sdk" */;
			productName = FirebaseCore;
		};
/* End XCSwiftPackageProductDependency section */
	};
	rootObject = D05091302F6C5AC200B5DB2F /* Project object */;
}
